
Microsoft Visual Studio Solution File, Format Version 12.00
# Visual Studio Version 16
VisualStudioVersion = 16.0.28917.182
MinimumVisualStudioVersion = 10.0.40219.1
Project("{FAE04EC0-301F-11D3-BF4B-00C04F79EFBC}") = "WinformsMVC", "WinFormsMVC\WinformsMVC.csproj", "{9BEB8505-FFFA-4CE1-88D8-204D27AAC2DB}"
EndProject
Project("{FAE04EC0-301F-11D3-BF4B-00C04F79EFBC}") = "WinformsMVC.Tests", "WinformsMVC.Tests\WinformsMVC.Tests.csproj", "{CE7CC0D1-78D6-44C8-AC70-CE8173692395}"
EndProject
Global
	GlobalSection(SolutionConfigurationPlatforms) = preSolution
		Debug|Any CPU = Debug|Any CPU
		Release|Any CPU = Release|Any CPU
	EndGlobalSection
	GlobalSection(ProjectConfigurationPlatforms) = postSolution
		{9BEB8505-FFFA-4CE1-88D8-204D27AAC2DB}.Debug|Any CPU.ActiveCfg = Debug|Any CPU
		{9BEB8505-FFFA-4CE1-88D8-204D27AAC2DB}.Debug|Any CPU.Build.0 = Debug|Any CPU
		{9BEB8505-FFFA-4CE1-88D8-204D27AAC2DB}.Release|Any CPU.ActiveCfg = Release|Any CPU
		{9BEB8505-FFFA-4CE1-88D8-204D27AAC2DB}.Release|Any CPU.Build.0 = Release|Any CPU
		{CE7CC0D1-78D6-44C8-AC70-CE8173692395}.Debug|Any CPU.ActiveCfg = Debug|Any CPU
		{CE7CC0D1-78D6-44C8-AC70-CE8173692395}.Debug|Any CPU.Build.0 = Debug|Any CPU
		{CE7CC0D1-78D6-44C8-AC70-CE8173692395}.Release|Any CPU.ActiveCfg = Release|Any CPU
		{CE7CC0D1-78D6-44C8-AC70-CE8173692395}.Release|Any CPU.Build.0 = Release|Any CPU
	EndGlobalSection
	GlobalSection(SolutionProperties) = preSolution
		HideSolutionNode = FALSE
	EndGlobalSection
	GlobalSection(ExtensibilityGlobals) = postSolution
		SolutionGuid = {29A0B5D3-31F5-4BCE-9AE3-CF8C845D3332}
	EndGlobalSection
EndGlobal
